{
    "_meta": {
        "hash": {
            "sha256": "ea2dd9b6b5dd7326c68309b0194ad6ec26bf21ff89b0c526e4cfcb7713fbddb1"
        },
        "pipfile-spec": 6,
        "requires": {
            "python_version": "3.7"
        },
        "sources": [
            {
                "name": "pypi",
                "url": "https://pypi.org/simple",
                "verify_ssl": true
            }
        ]
    },
    "default": {
        "tornado": {
            "hashes": [
                "sha256:051f46b0bb8bca1c4aeaeed1631f2533d559149c4baa52d22805d75ddfd13d63",
                "sha256:2898f992f898cd41eeb8d53b6df75495f2f423b6672890aadaf196ea1448edcc",
                "sha256:bbfc2d8acaaf89863bdfd06550d0a3036e15ad6552c5d381a99b4eb2e2357b36"
            ],
            "index": "pypi",
            "version": "==4.4.2"
        }
    },
    "develop": {}
}
